{
  "name": "nushell-web-demo",
  "lockfileVersion": 3,
  "requires": true,
  "packages": {
    "": {
      "dependencies": {
        "ace-builds": "^1.36.5",
        "bulma": "^1.0.2"
      }
    },
    "node_modules/ace-builds": {
      "version": "1.36.5",
      "resolved": "https://registry.npmjs.org/ace-builds/-/ace-builds-1.36.5.tgz",
      "integrity": "sha512-mZ5KVanRT6nLRDLqtG/1YQQLX/gZVC/v526cm1Ru/MTSlrbweSmqv2ZT0d2GaHpJq035MwCMIrj+LgDAUnDXrg==",
      "license": "BSD-3-Clause"
    },
    "node_modules/bulma": {
      "version": "1.0.2",
      "resolved": "https://registry.npmjs.org/bulma/-/bulma-1.0.2.tgz",
      "integrity": "sha512-D7GnDuF6seb6HkcnRMM9E739QpEY9chDzzeFrHMyEns/EXyDJuQ0XA0KxbBl/B2NTsKSoDomW61jFGFaAxhK5A==",
      "license": "MIT"
    }
  }
}
